{
  "name": "pdf_scraping",
  "version": "1.0.0",
  "lockfileVersion": 1,
  "requires": true,
  "dependencies": {
    "commander": {
      "version": "2.20.0",
      "resolved": "https://registry.npmjs.org/commander/-/commander-2.20.0.tgz",
      "integrity": "sha512-7j2y+40w61zy6YC2iRNpUe/NwhNyoXrYpHMrSunaMG64nRnaf96zO/KMQR4OyN/UnE5KLyEBnKHd4aG3rskjpQ=="
    },
    "json2csv": {
      "version": "4.5.1",
      "resolved": "https://registry.npmjs.org/json2csv/-/json2csv-4.5.1.tgz",
      "integrity": "sha512-o90Xa1ziGk3i7AJEO79Jac4+7SEUk58/DxS5mDPW6GF7poX0y7Y0pm1FbWrkz9VzKE4MpUW9aKBOCpJ0U1Ua8A==",
      "requires": {
        "commander": "^2.15.1",
        "jsonparse": "^1.3.1",
        "lodash.get": "^4.4.2"
      }
    },
    "jsonparse": {
      "version": "1.3.1",
      "resolved": "https://registry.npmjs.org/jsonparse/-/jsonparse-1.3.1.tgz",
      "integrity": "sha1-P02uSpH6wxX3EGL4UhzCOfE2YoA="
    },
    "lodash.get": {
      "version": "4.4.2",
      "resolved": "https://registry.npmjs.org/lodash.get/-/lodash.get-4.4.2.tgz",
      "integrity": "sha1-LRd/ZS+jHpObRDjVNBSZ36OCXpk="
    },
    "pdf2json": {
      "version": "1.1.8",
      "resolved": "https://registry.npmjs.org/pdf2json/-/pdf2json-1.1.8.tgz",
      "integrity": "sha512-ka7l/w+4FM5vdI8X9UihxqdTispanZ72ZKsFdghwpBaHcIhXeWCO0qs81P9modFZHf7s4znf0sxc5k6wk6L4Og==",
      "requires": {
        "async": "^2.0.1",
        "lodash": "^4.15.0",
        "optimist": "^0.6.1",
        "xmldom": "^0.1.22"
      },
      "dependencies": {
        "async": {
          "version": "2.0.1",
          "bundled": true,
          "requires": {
            "lodash": "^4.8.0"
          }
        },
        "lodash": {
          "version": "4.15.0",
          "bundled": true
        },
        "minimist": {
          "version": "0.0.10",
          "bundled": true
        },
        "optimist": {
          "version": "0.6.1",
          "bundled": true,
          "requires": {
            "minimist": "~0.0.1",
            "wordwrap": "~0.0.2"
          }
        },
        "wordwrap": {
          "version": "0.0.3",
          "bundled": true
        },
        "xmldom": {
          "version": "0.1.22",
          "bundled": true
        }
      }
    },
    "underscore": {
      "version": "1.9.1",
      "resolved": "https://registry.npmjs.org/underscore/-/underscore-1.9.1.tgz",
      "integrity": "sha512-5/4etnCkd9c8gwgowi5/om/mYO5ajCaOgdzj/oW+0eQV9WxKBDZw5+ycmKmeaTXjInS/W0BzpGLo2xR2aBwZdg=="
    }
  }
}
